PODS:
  - FSCalendar (1.7.1)
  - GoogleMaps (1.11.1)
  - RMStore (0.7.1):
    - RMStore/Core (= 0.7.1)
  - RMStore/Core (0.7.1)

DEPENDENCIES:
  - FSCalendar
  - GoogleMaps
  - RMStore (~> 0.7)

SPEC CHECKSUMS:
  FSCalendar: 2eeab982e944125c6b2bc0246438128f3cf72e3e
  GoogleMaps: c947160008f414c66707a5ea60f35e92055c7670
  RMStore: 64ba13a9c040e3b7572765d169f77175cd3243e5

COCOAPODS: 0.39.0
